
Microsoft Visual Studio Solution File, Format Version 12.00
# Visual Studio Version 17
VisualStudioVersion = 17.13.35818.85
MinimumVisualStudioVersion = 10.0.40219.1
Project("{2150E333-8FDC-42A3-9474-1A3956D46DE8}") = "src", "src", "{02EA681E-C7D8-13C7-8484-4AC65E1B71E8}"
EndProject
Project("{FAE04EC0-301F-11D3-BF4B-00C04F79EFBC}") = "OMiX.FlagExplorer.API", "OMiX.FlagExplorer.API\OMiX.FlagExplorer.API.csproj", "{872CC420-0613-1078-F478-8B31E8C554EA}"
EndProject
Project("{FAE04EC0-301F-11D3-BF4B-00C04F79EFBC}") = "OMiX.FlagExplorer.Service", "OMiX.FlagExplorer.Service\OMiX.FlagExplorer.Service.csproj", "{BDCEA992-5E99-402B-80F9-CD383419C141}"
EndProject
Project("{2150E333-8FDC-42A3-9474-1A3956D46DE8}") = "Test", "Test", "{0409D958-35AB-4BC9-8E29-A778D67BD1B7}"
EndProject
Project("{FAE04EC0-301F-11D3-BF4B-00C04F79EFBC}") = "OMiX.FlagExplorer.API.Test", "OMiX.FlagExplorer.API.Test\OMiX.FlagExplorer.API.Test.csproj", "{11E8FD8F-29E2-4642-9DBA-86D8F971B60E}"
EndProject
Project("{FAE04EC0-301F-11D3-BF4B-00C04F79EFBC}") = "OMiX.FlagExplorer.Service.Test", "OMiX.FlagExplorer.Service.Test\OMiX.FlagExplorer.Service.Test.csproj", "{A041502F-00F6-41CB-8BB0-847B6F4224F4}"
EndProject
Global
	GlobalSection(SolutionConfigurationPlatforms) = preSolution
		Debug|Any CPU = Debug|Any CPU
		Release|Any CPU = Release|Any CPU
	EndGlobalSection
	GlobalSection(ProjectConfigurationPlatforms) = postSolution
		{872CC420-0613-1078-F478-8B31E8C554EA}.Debug|Any CPU.ActiveCfg = Debug|Any CPU
		{872CC420-0613-1078-F478-8B31E8C554EA}.Debug|Any CPU.Build.0 = Debug|Any CPU
		{872CC420-0613-1078-F478-8B31E8C554EA}.Release|Any CPU.ActiveCfg = Release|Any CPU
		{872CC420-0613-1078-F478-8B31E8C554EA}.Release|Any CPU.Build.0 = Release|Any CPU
		{BDCEA992-5E99-402B-80F9-CD383419C141}.Debug|Any CPU.ActiveCfg = Debug|Any CPU
		{BDCEA992-5E99-402B-80F9-CD383419C141}.Debug|Any CPU.Build.0 = Debug|Any CPU
		{BDCEA992-5E99-402B-80F9-CD383419C141}.Release|Any CPU.ActiveCfg = Release|Any CPU
		{BDCEA992-5E99-402B-80F9-CD383419C141}.Release|Any CPU.Build.0 = Release|Any CPU
		{11E8FD8F-29E2-4642-9DBA-86D8F971B60E}.Debug|Any CPU.ActiveCfg = Debug|Any CPU
		{11E8FD8F-29E2-4642-9DBA-86D8F971B60E}.Debug|Any CPU.Build.0 = Debug|Any CPU
		{11E8FD8F-29E2-4642-9DBA-86D8F971B60E}.Release|Any CPU.ActiveCfg = Release|Any CPU
		{11E8FD8F-29E2-4642-9DBA-86D8F971B60E}.Release|Any CPU.Build.0 = Release|Any CPU
		{A041502F-00F6-41CB-8BB0-847B6F4224F4}.Debug|Any CPU.ActiveCfg = Debug|Any CPU
		{A041502F-00F6-41CB-8BB0-847B6F4224F4}.Debug|Any CPU.Build.0 = Debug|Any CPU
		{A041502F-00F6-41CB-8BB0-847B6F4224F4}.Release|Any CPU.ActiveCfg = Release|Any CPU
		{A041502F-00F6-41CB-8BB0-847B6F4224F4}.Release|Any CPU.Build.0 = Release|Any CPU
	EndGlobalSection
	GlobalSection(SolutionProperties) = preSolution
		HideSolutionNode = FALSE
	EndGlobalSection
	GlobalSection(NestedProjects) = preSolution
		{872CC420-0613-1078-F478-8B31E8C554EA} = {02EA681E-C7D8-13C7-8484-4AC65E1B71E8}
		{BDCEA992-5E99-402B-80F9-CD383419C141} = {02EA681E-C7D8-13C7-8484-4AC65E1B71E8}
		{11E8FD8F-29E2-4642-9DBA-86D8F971B60E} = {0409D958-35AB-4BC9-8E29-A778D67BD1B7}
		{A041502F-00F6-41CB-8BB0-847B6F4224F4} = {0409D958-35AB-4BC9-8E29-A778D67BD1B7}
	EndGlobalSection
	GlobalSection(ExtensibilityGlobals) = postSolution
		SolutionGuid = {7D539D61-63B8-4BE9-BFE4-A60D73BF837E}
	EndGlobalSection
EndGlobal
